// !$*UTF8*$!
{
	archiveVersion = 1;
	classes = {
	};
	objectVersion = 52;
	objects = {

/* Begin PBXBuildFile section */
		2649718C2476DF0800B9D7ED /* TodoDetailsViewController.swift in Sources */ = {isa = PBXBuildFile; fileRef = 2649718B2476DF0800B9D7ED /* TodoDetailsViewController.swift */; };
		2649718F2476DF5500B9D7ED /* RepeatPeriodsView.swift in Sources */ = {isa = PBXBuildFile; fileRef = 2649718E2476DF5500B9D7ED /* RepeatPeriodsView.swift */; };
		264971912476DF8900B9D7ED /* PlaceholderTextView.swift in Sources */ = {isa = PBXBuildFile; fileRef = 264971902476DF8900B9D7ED /* PlaceholderTextView.swift */; };
		264971932476DF9D00B9D7ED /* PeriodView.swift in Sources */ = {isa = PBXBuildFile; fileRef = 264971922476DF9D00B9D7ED /* PeriodView.swift */; };
		264971952476E06900B9D7ED /* LabelledDivider.swift in Sources */ = {isa = PBXBuildFile; fileRef = 264971942476E06900B9D7ED /* LabelledDivider.swift */; };
		26654EA32475569800C149B1 /* SwipeCellKit in Frameworks */ = {isa = PBXBuildFile; productRef = 26654EA22475569800C149B1 /* SwipeCellKit */; };
		26654EA62475578400C149B1 /* SnapKit in Frameworks */ = {isa = PBXBuildFile; productRef = 26654EA52475578400C149B1 /* SnapKit */; };
		2670E495246D41640040E4E4 /* AppDelegate.swift in Sources */ = {isa = PBXBuildFile; fileRef = 2670E494246D41640040E4E4 /* AppDelegate.swift */; };
		2670E497246D41640040E4E4 /* SceneDelegate.swift in Sources */ = {isa = PBXBuildFile; fileRef = 2670E496246D41640040E4E4 /* SceneDelegate.swift */; };
		2670E49E246D41660040E4E4 /* Assets.xcassets in Resources */ = {isa = PBXBuildFile; fileRef = 2670E49D246D41660040E4E4 /* Assets.xcassets */; };
		2670E4A1246D41660040E4E4 /* LaunchScreen.storyboard in Resources */ = {isa = PBXBuildFile; fileRef = 2670E49F246D41660040E4E4 /* LaunchScreen.storyboard */; };
		2670E4AA246D56270040E4E4 /* RoutineSharedKmp.framework in Frameworks */ = {isa = PBXBuildFile; fileRef = 2670E4A9246D56270040E4E4 /* RoutineSharedKmp.framework */; };
		2670E4AB246D56270040E4E4 /* RoutineSharedKmp.framework in Embed Frameworks */ = {isa = PBXBuildFile; fileRef = 2670E4A9246D56270040E4E4 /* RoutineSharedKmp.framework */; settings = {ATTRIBUTES = (CodeSignOnCopy, RemoveHeadersOnCopy, ); }; };
		268C5F5924755E5F004F3714 /* UITableViewCell+ReuseIdentifier.swift in Sources */ = {isa = PBXBuildFile; fileRef = 268C5F5824755E5F004F3714 /* UITableViewCell+ReuseIdentifier.swift */; };
		268C5F5B24755EC0004F3714 /* UIBarButtonItem+Init.swift in Sources */ = {isa = PBXBuildFile; fileRef = 268C5F5A24755EC0004F3714 /* UIBarButtonItem+Init.swift */; };
		268C5F5D24755F80004F3714 /* View+UIView.swift in Sources */ = {isa = PBXBuildFile; fileRef = 268C5F5C24755F80004F3714 /* View+UIView.swift */; };
		26B44E3B2475652F009D8276 /* Differentiator in Frameworks */ = {isa = PBXBuildFile; productRef = 26B44E3A2475652F009D8276 /* Differentiator */; };
		26B44E3D2475652F009D8276 /* RxDataSources in Frameworks */ = {isa = PBXBuildFile; productRef = 26B44E3C2475652F009D8276 /* RxDataSources */; };
		26FDF02D24753251003A3E7E /* TodoListViewController.swift in Sources */ = {isa = PBXBuildFile; fileRef = 26FDF02C24753251003A3E7E /* TodoListViewController.swift */; };
		BEC1EAD36B334E3609F362A4 /* TodoRowView.swift in Sources */ = {isa = PBXBuildFile; fileRef = BEC1EC6309CDE64B3590B194 /* TodoRowView.swift */; };
		BEC1EEB82D4714D2EAF011DD /* TodoTableViewCell.swift in Sources */ = {isa = PBXBuildFile; fileRef = BEC1E4255EBA836DCA2A0760 /* TodoTableViewCell.swift */; };
/* End PBXBuildFile section */

/* Begin PBXCopyFilesBuildPhase section */
		2670E4AC246D56270040E4E4 /* Embed Frameworks */ = {
			isa = PBXCopyFilesBuildPhase;
			buildActionMask = 2147483647;
			dstPath = "";
			dstSubfolderSpec = 10;
			files = (
				2670E4AB246D56270040E4E4 /* RoutineSharedKmp.framework in Embed Frameworks */,
			);
			name = "Embed Frameworks";
			runOnlyForDeploymentPostprocessing = 0;
		};
/* End PBXCopyFilesBuildPhase section */

/* Begin PBXFileReference section */
		2649718B2476DF0800B9D7ED /* TodoDetailsViewController.swift */ = {isa = PBXFileReference; lastKnownFileType = sourcecode.swift; path = TodoDetailsViewController.swift; sourceTree = "<group>"; };
		2649718E2476DF5500B9D7ED /* RepeatPeriodsView.swift */ = {isa = PBXFileReference; lastKnownFileType = sourcecode.swift; path = RepeatPeriodsView.swift; sourceTree = "<group>"; };
		264971902476DF8900B9D7ED /* PlaceholderTextView.swift */ = {isa = PBXFileReference; lastKnownFileType = sourcecode.swift; path = PlaceholderTextView.swift; sourceTree = "<group>"; };
		264971922476DF9D00B9D7ED /* PeriodView.swift */ = {isa = PBXFileReference; lastKnownFileType = sourcecode.swift; path = PeriodView.swift; sourceTree = "<group>"; };
		264971942476E06900B9D7ED /* LabelledDivider.swift */ = {isa = PBXFileReference; lastKnownFileType = sourcecode.swift; path = LabelledDivider.swift; sourceTree = "<group>"; };
		2670E491246D41640040E4E4 /* routine-kmp.app */ = {isa = PBXFileReference; explicitFileType = wrapper.application; includeInIndex = 0; path = "routine-kmp.app"; sourceTree = BUILT_PRODUCTS_DIR; };
		2670E494246D41640040E4E4 /* AppDelegate.swift */ = {isa = PBXFileReference; lastKnownFileType = sourcecode.swift; path = AppDelegate.swift; sourceTree = "<group>"; };
		2670E496246D41640040E4E4 /* SceneDelegate.swift */ = {isa = PBXFileReference; lastKnownFileType = sourcecode.swift; path = SceneDelegate.swift; sourceTree = "<group>"; };
		2670E49D246D41660040E4E4 /* Assets.xcassets */ = {isa = PBXFileReference; lastKnownFileType = folder.assetcatalog; path = Assets.xcassets; sourceTree = "<group>"; };
		2670E4A0246D41660040E4E4 /* Base */ = {isa = PBXFileReference; lastKnownFileType = file.storyboard; name = Base; path = Base.lproj/LaunchScreen.storyboard; sourceTree = "<group>"; };
		2670E4A2246D41660040E4E4 /* Info.plist */ = {isa = PBXFileReference; lastKnownFileType = text.plist.xml; path = Info.plist; sourceTree = "<group>"; };
		2670E4A9246D56270040E4E4 /* RoutineSharedKmp.framework */ = {isa = PBXFileReference; lastKnownFileType = wrapper.framework; name = RoutineSharedKmp.framework; path = "../../shared/build/xcode-frameworks/RoutineSharedKmp.framework"; sourceTree = "<group>"; };
		268C5F5824755E5F004F3714 /* UITableViewCell+ReuseIdentifier.swift */ = {isa = PBXFileReference; lastKnownFileType = sourcecode.swift; path = "UITableViewCell+ReuseIdentifier.swift"; sourceTree = "<group>"; };
		268C5F5A24755EC0004F3714 /* UIBarButtonItem+Init.swift */ = {isa = PBXFileReference; lastKnownFileType = sourcecode.swift; path = "UIBarButtonItem+Init.swift"; sourceTree = "<group>"; };
		268C5F5C24755F80004F3714 /* View+UIView.swift */ = {isa = PBXFileReference; lastKnownFileType = sourcecode.swift; path = "View+UIView.swift"; sourceTree = "<group>"; };
		26FDF02C24753251003A3E7E /* TodoListViewController.swift */ = {isa = PBXFileReference; lastKnownFileType = sourcecode.swift; path = TodoListViewController.swift; sourceTree = "<group>"; };
		BEC1E4255EBA836DCA2A0760 /* TodoTableViewCell.swift */ = {isa = PBXFileReference; fileEncoding = 4; lastKnownFileType = sourcecode.swift; path = TodoTableViewCell.swift; sourceTree = "<group>"; };
		BEC1EC6309CDE64B3590B194 /* TodoRowView.swift */ = {isa = PBXFileReference; fileEncoding = 4; lastKnownFileType = sourcecode.swift; path = TodoRowView.swift; sourceTree = "<group>"; };
/* End PBXFileReference section */

/* Begin PBXFrameworksBuildPhase section */
		2670E48E246D41640040E4E4 /* Frameworks */ = {
			isa = PBXFrameworksBuildPhase;
			buildActionMask = 2147483647;
			files = (
				26B44E3B2475652F009D8276 /* Differentiator in Frameworks */,
				26654EA62475578400C149B1 /* SnapKit in Frameworks */,
				26654EA32475569800C149B1 /* SwipeCellKit in Frameworks */,
				26B44E3D2475652F009D8276 /* RxDataSources in Frameworks */,
				2670E4AA246D56270040E4E4 /* RoutineSharedKmp.framework in Frameworks */,
			);
			runOnlyForDeploymentPostprocessing = 0;
		};
/* End PBXFrameworksBuildPhase section */

/* Begin PBXGroup section */
		262F38BA24755CDE00CD914D /* TodoList */ = {
			isa = PBXGroup;
			children = (
				262F38BB24755D6100CD914D /* View */,
				26FDF02C24753251003A3E7E /* TodoListViewController.swift */,
			);
			path = TodoList;
			sourceTree = "<group>";
		};
		262F38BB24755D6100CD914D /* View */ = {
			isa = PBXGroup;
			children = (
				BEC1EC6309CDE64B3590B194 /* TodoRowView.swift */,
				BEC1E4255EBA836DCA2A0760 /* TodoTableViewCell.swift */,
			);
			path = View;
			sourceTree = "<group>";
		};
		2649718A2476DEF100B9D7ED /* TodoDetails */ = {
			isa = PBXGroup;
			children = (
				2649718D2476DF3200B9D7ED /* View */,
				2649718B2476DF0800B9D7ED /* TodoDetailsViewController.swift */,
			);
			path = TodoDetails;
			sourceTree = "<group>";
		};
		2649718D2476DF3200B9D7ED /* View */ = {
			isa = PBXGroup;
			children = (
				2649718E2476DF5500B9D7ED /* RepeatPeriodsView.swift */,
				264971902476DF8900B9D7ED /* PlaceholderTextView.swift */,
				264971922476DF9D00B9D7ED /* PeriodView.swift */,
				264971942476E06900B9D7ED /* LabelledDivider.swift */,
			);
			path = View;
			sourceTree = "<group>";
		};
		265C07182475694B0087EE51 /* Delegates */ = {
			isa = PBXGroup;
			children = (
				2670E494246D41640040E4E4 /* AppDelegate.swift */,
				2670E496246D41640040E4E4 /* SceneDelegate.swift */,
			);
			path = Delegates;
			sourceTree = "<group>";
		};
		2670E488246D41640040E4E4 = {
			isa = PBXGroup;
			children = (
				2670E493246D41640040E4E4 /* routine-kmp */,
				2670E492246D41640040E4E4 /* Products */,
				2670E4A8246D56270040E4E4 /* Frameworks */,
			);
			sourceTree = "<group>";
		};
		2670E492246D41640040E4E4 /* Products */ = {
			isa = PBXGroup;
			children = (
				2670E491246D41640040E4E4 /* routine-kmp.app */,
			);
			name = Products;
			sourceTree = "<group>";
		};
		2670E493246D41640040E4E4 /* routine-kmp */ = {
			isa = PBXGroup;
			children = (
				265C07182475694B0087EE51 /* Delegates */,
				268C5F5724755E1C004F3714 /* Extensions */,
				26FDF02E2475407B003A3E7E /* Screen */,
				2670E49D246D41660040E4E4 /* Assets.xcassets */,
				2670E49F246D41660040E4E4 /* LaunchScreen.storyboard */,
				2670E4A2246D41660040E4E4 /* Info.plist */,
			);
			path = "routine-kmp";
			sourceTree = "<group>";
		};
		2670E4A8246D56270040E4E4 /* Frameworks */ = {
			isa = PBXGroup;
			children = (
				2670E4A9246D56270040E4E4 /* RoutineSharedKmp.framework */,
			);
			name = Frameworks;
			sourceTree = "<group>";
		};
		268C5F5724755E1C004F3714 /* Extensions */ = {
			isa = PBXGroup;
			children = (
				268C5F5824755E5F004F3714 /* UITableViewCell+ReuseIdentifier.swift */,
				268C5F5A24755EC0004F3714 /* UIBarButtonItem+Init.swift */,
				268C5F5C24755F80004F3714 /* View+UIView.swift */,
			);
			path = Extensions;
			sourceTree = "<group>";
		};
		26FDF02E2475407B003A3E7E /* Screen */ = {
			isa = PBXGroup;
			children = (
				2649718A2476DEF100B9D7ED /* TodoDetails */,
				262F38BA24755CDE00CD914D /* TodoList */,
			);
			path = Screen;
			sourceTree = "<group>";
		};
/* End PBXGroup section */

/* Begin PBXNativeTarget section */
		2670E490246D41640040E4E4 /* routine-kmp */ = {
			isa = PBXNativeTarget;
			buildConfigurationList = 2670E4A5246D41660040E4E4 /* Build configuration list for PBXNativeTarget "routine-kmp" */;
			buildPhases = (
				2670E4AD246D56570040E4E4 /* ShellScript */,
				2670E48D246D41640040E4E4 /* Sources */,
				2670E48E246D41640040E4E4 /* Frameworks */,
				2670E48F246D41640040E4E4 /* Resources */,
				2670E4AC246D56270040E4E4 /* Embed Frameworks */,
			);
			buildRules = (
			);
			dependencies = (
			);
			name = "routine-kmp";
			packageProductDependencies = (
				26654EA22475569800C149B1 /* SwipeCellKit */,
				26654EA52475578400C149B1 /* SnapKit */,
				26B44E3A2475652F009D8276 /* Differentiator */,
				26B44E3C2475652F009D8276 /* RxDataSources */,
			);
			productName = "routine-kmp";
			productReference = 2670E491246D41640040E4E4 /* routine-kmp.app */;
			productType = "com.apple.product-type.application";
		};
/* End PBXNativeTarget section */

/* Begin PBXProject section */
		2670E489246D41640040E4E4 /* Project object */ = {
			isa = PBXProject;
			attributes = {
				LastSwiftUpdateCheck = 1140;
				LastUpgradeCheck = 1140;
				ORGANIZATIONNAME = Instinctools;
				TargetAttributes = {
					2670E490246D41640040E4E4 = {
						CreatedOnToolsVersion = 11.4.1;
					};
				};
			};
			buildConfigurationList = 2670E48C246D41640040E4E4 /* Build configuration list for PBXProject "routine-kmp" */;
			compatibilityVersion = "Xcode 9.3";
			developmentRegion = en;
			hasScannedForEncodings = 0;
			knownRegions = (
				en,
				Base,
			);
			mainGroup = 2670E488246D41640040E4E4;
			packageReferences = (
				26654EA12475569800C149B1 /* XCRemoteSwiftPackageReference "SwipeCellKit" */,
				26654EA42475578400C149B1 /* XCRemoteSwiftPackageReference "SnapKit" */,
				26B44E392475652F009D8276 /* XCRemoteSwiftPackageReference "RxDataSources" */,
			);
			productRefGroup = 2670E492246D41640040E4E4 /* Products */;
			projectDirPath = "";
			projectRoot = "";
			targets = (
				2670E490246D41640040E4E4 /* routine-kmp */,
			);
		};
/* End PBXProject section */

/* Begin PBXResourcesBuildPhase section */
		2670E48F246D41640040E4E4 /* Resources */ = {
			isa = PBXResourcesBuildPhase;
			buildActionMask = 2147483647;
			files = (
				2670E4A1246D41660040E4E4 /* LaunchScreen.storyboard in Resources */,
				2670E49E246D41660040E4E4 /* Assets.xcassets in Resources */,
			);
			runOnlyForDeploymentPostprocessing = 0;
		};
/* End PBXResourcesBuildPhase section */

/* Begin PBXShellScriptBuildPhase section */
		2670E4AD246D56570040E4E4 /* ShellScript */ = {
			isa = PBXShellScriptBuildPhase;
			buildActionMask = 2147483647;
			files = (
			);
			inputFileListPaths = (
			);
			inputPaths = (
			);
			outputFileListPaths = (
			);
			outputPaths = (
			);
			runOnlyForDeploymentPostprocessing = 0;
			shellPath = /bin/sh;
			shellScript = "# Type a script or drag a script file from your workspace to insert its path.\ncd \"$SRCROOT/../../shared/build/xcode-frameworks\"\n./gradlew :shared:packForXCode -PXCODE_CONFIGURATION=${CONFIGURATION}\n";
		};
/* End PBXShellScriptBuildPhase section */

/* Begin PBXSourcesBuildPhase section */
		2670E48D246D41640040E4E4 /* Sources */ = {
			isa = PBXSourcesBuildPhase;
			buildActionMask = 2147483647;
			files = (
				264971952476E06900B9D7ED /* LabelledDivider.swift in Sources */,
				26FDF02D24753251003A3E7E /* TodoListViewController.swift in Sources */,
				264971932476DF9D00B9D7ED /* PeriodView.swift in Sources */,
				268C5F5B24755EC0004F3714 /* UIBarButtonItem+Init.swift in Sources */,
				268C5F5D24755F80004F3714 /* View+UIView.swift in Sources */,
				2670E495246D41640040E4E4 /* AppDelegate.swift in Sources */,
				2649718F2476DF5500B9D7ED /* RepeatPeriodsView.swift in Sources */,
				2670E497246D41640040E4E4 /* SceneDelegate.swift in Sources */,
				BEC1EAD36B334E3609F362A4 /* TodoRowView.swift in Sources */,
				268C5F5924755E5F004F3714 /* UITableViewCell+ReuseIdentifier.swift in Sources */,
				2649718C2476DF0800B9D7ED /* TodoDetailsViewController.swift in Sources */,
				264971912476DF8900B9D7ED /* PlaceholderTextView.swift in Sources */,
				BEC1EEB82D4714D2EAF011DD /* TodoTableViewCell.swift in Sources */,
			);
			runOnlyForDeploymentPostprocessing = 0;
		};
/* End PBXSourcesBuildPhase section */

/* Begin PBXVariantGroup section */
		2670E49F246D41660040E4E4 /* LaunchScreen.storyboard */ = {
			isa = PBXVariantGroup;
			children = (
				2670E4A0246D41660040E4E4 /* Base */,
			);
			name = LaunchScreen.storyboard;
			sourceTree = "<group>";
		};
/* End PBXVariantGroup section */

/* Begin XCBuildConfiguration section */
		2670E4A3246D41660040E4E4 /* Debug */ = {
			isa = XCBuildConfiguration;
			buildSettings = {
				ALWAYS_SEARCH_USER_PATHS = NO;
				CLANG_ANALYZER_NONNULL = YES;
				CLANG_ANALYZER_NUMBER_OBJECT_CONVERSION = YES_AGGRESSIVE;
				CLANG_CXX_LANGUAGE_STANDARD = "gnu++14";
				CLANG_CXX_LIBRARY = "libc++";
				CLANG_ENABLE_MODULES = YES;
				CLANG_ENABLE_OBJC_ARC = YES;
				CLANG_ENABLE_OBJC_WEAK = YES;
				CLANG_WARN_BLOCK_CAPTURE_AUTORELEASING = YES;
				CLANG_WARN_BOOL_CONVERSION = YES;
				CLANG_WARN_COMMA = YES;
				CLANG_WARN_CONSTANT_CONVERSION = YES;
				CLANG_WARN_DEPRECATED_OBJC_IMPLEMENTATIONS = YES;
				CLANG_WARN_DIRECT_OBJC_ISA_USAGE = YES_ERROR;
				CLANG_WARN_DOCUMENTATION_COMMENTS = YES;
				CLANG_WARN_EMPTY_BODY = YES;
				CLANG_WARN_ENUM_CONVERSION = YES;
				CLANG_WARN_INFINITE_RECURSION = YES;
				CLANG_WARN_INT_CONVERSION = YES;
				CLANG_WARN_NON_LITERAL_NULL_CONVERSION = YES;
				CLANG_WARN_OBJC_IMPLICIT_RETAIN_SELF = YES;
				CLANG_WARN_OBJC_LITERAL_CONVERSION = YES;
				CLANG_WARN_OBJC_ROOT_CLASS = YES_ERROR;
				CLANG_WARN_RANGE_LOOP_ANALYSIS = YES;
				CLANG_WARN_STRICT_PROTOTYPES = YES;
				CLANG_WARN_SUSPICIOUS_MOVE = YES;
				CLANG_WARN_UNGUARDED_AVAILABILITY = YES_AGGRESSIVE;
				CLANG_WARN_UNREACHABLE_CODE = YES;
				CLANG_WARN__DUPLICATE_METHOD_MATCH = YES;
				COPY_PHASE_STRIP = NO;
				DEBUG_INFORMATION_FORMAT = dwarf;
				ENABLE_STRICT_OBJC_MSGSEND = YES;
				ENABLE_TESTABILITY = YES;
				GCC_C_LANGUAGE_STANDARD = gnu11;
				GCC_DYNAMIC_NO_PIC = NO;
				GCC_NO_COMMON_BLOCKS = YES;
				GCC_OPTIMIZATION_LEVEL = 0;
				GCC_PREPROCESSOR_DEFINITIONS = (
					"DEBUG=1",
					"$(inherited)",
				);
				GCC_WARN_64_TO_32_BIT_CONVERSION = YES;
				GCC_WARN_ABOUT_RETURN_TYPE = YES_ERROR;
				GCC_WARN_UNDECLARED_SELECTOR = YES;
				GCC_WARN_UNINITIALIZED_AUTOS = YES_AGGRESSIVE;
				GCC_WARN_UNUSED_FUNCTION = YES;
				GCC_WARN_UNUSED_VARIABLE = YES;
				IPHONEOS_DEPLOYMENT_TARGET = 13.4;
				MTL_ENABLE_DEBUG_INFO = INCLUDE_SOURCE;
				MTL_FAST_MATH = YES;
				ONLY_ACTIVE_ARCH = YES;
				SDKROOT = iphoneos;
				SWIFT_ACTIVE_COMPILATION_CONDITIONS = DEBUG;
				SWIFT_OPTIMIZATION_LEVEL = "-Onone";
			};
			name = Debug;
		};
		2670E4A4246D41660040E4E4 /* Release */ = {
			isa = XCBuildConfiguration;
			buildSettings = {
				ALWAYS_SEARCH_USER_PATHS = NO;
				CLANG_ANALYZER_NONNULL = YES;
				CLANG_ANALYZER_NUMBER_OBJECT_CONVERSION = YES_AGGRESSIVE;
				CLANG_CXX_LANGUAGE_STANDARD = "gnu++14";
				CLANG_CXX_LIBRARY = "libc++";
				CLANG_ENABLE_MODULES = YES;
				CLANG_ENABLE_OBJC_ARC = YES;
				CLANG_ENABLE_OBJC_WEAK = YES;
				CLANG_WARN_BLOCK_CAPTURE_AUTORELEASING = YES;
				CLANG_WARN_BOOL_CONVERSION = YES;
				CLANG_WARN_COMMA = YES;
				CLANG_WARN_CONSTANT_CONVERSION = YES;
				CLANG_WARN_DEPRECATED_OBJC_IMPLEMENTATIONS = YES;
				CLANG_WARN_DIRECT_OBJC_ISA_USAGE = YES_ERROR;
				CLANG_WARN_DOCUMENTATION_COMMENTS = YES;
				CLANG_WARN_EMPTY_BODY = YES;
				CLANG_WARN_ENUM_CONVERSION = YES;
				CLANG_WARN_INFINITE_RECURSION = YES;
				CLANG_WARN_INT_CONVERSION = YES;
				CLANG_WARN_NON_LITERAL_NULL_CONVERSION = YES;
				CLANG_WARN_OBJC_IMPLICIT_RETAIN_SELF = YES;
				CLANG_WARN_OBJC_LITERAL_CONVERSION = YES;
				CLANG_WARN_OBJC_ROOT_CLASS = YES_ERROR;
				CLANG_WARN_RANGE_LOOP_ANALYSIS = YES;
				CLANG_WARN_STRICT_PROTOTYPES = YES;
				CLANG_WARN_SUSPICIOUS_MOVE = YES;
				CLANG_WARN_UNGUARDED_AVAILABILITY = YES_AGGRESSIVE;
				CLANG_WARN_UNREACHABLE_CODE = YES;
				CLANG_WARN__DUPLICATE_METHOD_MATCH = YES;
				COPY_PHASE_STRIP = NO;
				DEBUG_INFORMATION_FORMAT = "dwarf-with-dsym";
				ENABLE_NS_ASSERTIONS = NO;
				ENABLE_STRICT_OBJC_MSGSEND = YES;
				GCC_C_LANGUAGE_STANDARD = gnu11;
				GCC_NO_COMMON_BLOCKS = YES;
				GCC_WARN_64_TO_32_BIT_CONVERSION = YES;
				GCC_WARN_ABOUT_RETURN_TYPE = YES_ERROR;
				GCC_WARN_UNDECLARED_SELECTOR = YES;
				GCC_WARN_UNINITIALIZED_AUTOS = YES_AGGRESSIVE;
				GCC_WARN_UNUSED_FUNCTION = YES;
				GCC_WARN_UNUSED_VARIABLE = YES;
				IPHONEOS_DEPLOYMENT_TARGET = 13.4;
				MTL_ENABLE_DEBUG_INFO = NO;
				MTL_FAST_MATH = YES;
				SDKROOT = iphoneos;
				SWIFT_COMPILATION_MODE = wholemodule;
				SWIFT_OPTIMIZATION_LEVEL = "-O";
				VALIDATE_PRODUCT = YES;
			};
			name = Release;
		};
		2670E4A6246D41660040E4E4 /* Debug */ = {
			isa = XCBuildConfiguration;
			buildSettings = {
				ASSETCATALOG_COMPILER_APPICON_NAME = AppIcon;
				CODE_SIGN_STYLE = Automatic;
				FRAMEWORK_SEARCH_PATHS = "$(SRCROOT)/../../shared/build/xcode-frameworks";
				INFOPLIST_FILE = "routine-kmp/Info.plist";
				LD_RUNPATH_SEARCH_PATHS = (
					"$(inherited)",
					"@executable_path/Frameworks",
				);
				PRODUCT_BUNDLE_IDENTIFIER = "com.instinctools.routine-kmp";
				PRODUCT_NAME = "$(TARGET_NAME)";
				SWIFT_VERSION = 5.0;
				TARGETED_DEVICE_FAMILY = "1,2";
			};
			name = Debug;
		};
		2670E4A7246D41660040E4E4 /* Release */ = {
			isa = XCBuildConfiguration;
			buildSettings = {
				ASSETCATALOG_COMPILER_APPICON_NAME = AppIcon;
				CODE_SIGN_STYLE = Automatic;
				FRAMEWORK_SEARCH_PATHS = "$(SRCROOT)/../../shared/build/xcode-frameworks";
				INFOPLIST_FILE = "routine-kmp/Info.plist";
				LD_RUNPATH_SEARCH_PATHS = (
					"$(inherited)",
					"@executable_path/Frameworks",
				);
				PRODUCT_BUNDLE_IDENTIFIER = "com.instinctools.routine-kmp";
				PRODUCT_NAME = "$(TARGET_NAME)";
				SWIFT_VERSION = 5.0;
				TARGETED_DEVICE_FAMILY = "1,2";
			};
			name = Release;
		};
/* End XCBuildConfiguration section */

/* Begin XCConfigurationList section */
		2670E48C246D41640040E4E4 /* Build configuration list for PBXProject "routine-kmp" */ = {
			isa = XCConfigurationList;
			buildConfigurations = (
				2670E4A3246D41660040E4E4 /* Debug */,
				2670E4A4246D41660040E4E4 /* Release */,
			);
			defaultConfigurationIsVisible = 0;
			defaultConfigurationName = Release;
		};
		2670E4A5246D41660040E4E4 /* Build configuration list for PBXNativeTarget "routine-kmp" */ = {
			isa = XCConfigurationList;
			buildConfigurations = (
				2670E4A6246D41660040E4E4 /* Debug */,
				2670E4A7246D41660040E4E4 /* Release */,
			);
			defaultConfigurationIsVisible = 0;
			defaultConfigurationName = Release;
		};
/* End XCConfigurationList section */

/* Begin XCRemoteSwiftPackageReference section */
		26654EA12475569800C149B1 /* XCRemoteSwiftPackageReference "SwipeCellKit" */ = {
			isa = XCRemoteSwiftPackageReference;
			repositoryURL = "https://github.com/SwipeCellKit/SwipeCellKit";
			requirement = {
				kind = upToNextMajorVersion;
				minimumVersion = 2.7.1;
			};
		};
		26654EA42475578400C149B1 /* XCRemoteSwiftPackageReference "SnapKit" */ = {
			isa = XCRemoteSwiftPackageReference;
			repositoryURL = "https://github.com/SnapKit/SnapKit.git";
			requirement = {
				kind = upToNextMajorVersion;
				minimumVersion = 5.0.1;
			};
		};
		26B44E392475652F009D8276 /* XCRemoteSwiftPackageReference "RxDataSources" */ = {
			isa = XCRemoteSwiftPackageReference;
			repositoryURL = "https://github.com/RxSwiftCommunity/RxDataSources.git";
			requirement = {
				kind = upToNextMajorVersion;
				minimumVersion = 4.0.1;
			};
		};
/* End XCRemoteSwiftPackageReference section */

/* Begin XCSwiftPackageProductDependency section */
		26654EA22475569800C149B1 /* SwipeCellKit */ = {
			isa = XCSwiftPackageProductDependency;
			package = 26654EA12475569800C149B1 /* XCRemoteSwiftPackageReference "SwipeCellKit" */;
			productName = SwipeCellKit;
		};
		26654EA52475578400C149B1 /* SnapKit */ = {
			isa = XCSwiftPackageProductDependency;
			package = 26654EA42475578400C149B1 /* XCRemoteSwiftPackageReference "SnapKit" */;
			productName = SnapKit;
		};
		26B44E3A2475652F009D8276 /* Differentiator */ = {
			isa = XCSwiftPackageProductDependency;
			package = 26B44E392475652F009D8276 /* XCRemoteSwiftPackageReference "RxDataSources" */;
			productName = Differentiator;
		};
		26B44E3C2475652F009D8276 /* RxDataSources */ = {
			isa = XCSwiftPackageProductDependency;
			package = 26B44E392475652F009D8276 /* XCRemoteSwiftPackageReference "RxDataSources" */;
			productName = RxDataSources;
		};
/* End XCSwiftPackageProductDependency section */
	};
	rootObject = 2670E489246D41640040E4E4 /* Project object */;
}
