// !$*UTF8*$!
{
	archiveVersion = 1;
	classes = {
	};
	objectVersion = 50;
	objects = {

/* Begin PBXBuildFile section */
		DD0E14F02428BFD200AE0C78 /* TaskRowView.swift in Sources */ = {isa = PBXBuildFile; fileRef = DD0E14EF2428BFD200AE0C78 /* TaskRowView.swift */; };
		DDF395F32428BE25003456DA /* AppDelegate.swift in Sources */ = {isa = PBXBuildFile; fileRef = DDF395F22428BE25003456DA /* AppDelegate.swift */; };
		DDF395F52428BE25003456DA /* SceneDelegate.swift in Sources */ = {isa = PBXBuildFile; fileRef = DDF395F42428BE25003456DA /* SceneDelegate.swift */; };
		DDF395F72428BE25003456DA /* ContentView.swift in Sources */ = {isa = PBXBuildFile; fileRef = DDF395F62428BE25003456DA /* ContentView.swift */; };
		DDF395F92428BE27003456DA /* Assets.xcassets in Resources */ = {isa = PBXBuildFile; fileRef = DDF395F82428BE27003456DA /* Assets.xcassets */; };
		DDF395FC2428BE27003456DA /* Preview Assets.xcassets in Resources */ = {isa = PBXBuildFile; fileRef = DDF395FB2428BE27003456DA /* Preview Assets.xcassets */; };
		DDF395FF2428BE27003456DA /* LaunchScreen.storyboard in Resources */ = {isa = PBXBuildFile; fileRef = DDF395FD2428BE27003456DA /* LaunchScreen.storyboard */; };
		DDF396072428BE4B003456DA /* TaskListView.swift in Sources */ = {isa = PBXBuildFile; fileRef = DDF396062428BE4B003456DA /* TaskListView.swift */; };
		DDF3960E2428BEAB003456DA /* Task.swift in Sources */ = {isa = PBXBuildFile; fileRef = DDF3960D2428BEAB003456DA /* Task.swift */; };
		DDFAD42A24294BC5009584FC /* TableView.swift in Sources */ = {isa = PBXBuildFile; fileRef = DDFAD42924294BC5009584FC /* TableView.swift */; };
/* End PBXBuildFile section */

/* Begin PBXFileReference section */
		DD0E14EF2428BFD200AE0C78 /* TaskRowView.swift */ = {isa = PBXFileReference; lastKnownFileType = sourcecode.swift; path = TaskRowView.swift; sourceTree = "<group>"; };
		DDF395EF2428BE25003456DA /* Routine.app */ = {isa = PBXFileReference; explicitFileType = wrapper.application; includeInIndex = 0; path = Routine.app; sourceTree = BUILT_PRODUCTS_DIR; };
		DDF395F22428BE25003456DA /* AppDelegate.swift */ = {isa = PBXFileReference; lastKnownFileType = sourcecode.swift; path = AppDelegate.swift; sourceTree = "<group>"; };
		DDF395F42428BE25003456DA /* SceneDelegate.swift */ = {isa = PBXFileReference; lastKnownFileType = sourcecode.swift; path = SceneDelegate.swift; sourceTree = "<group>"; };
		DDF395F62428BE25003456DA /* ContentView.swift */ = {isa = PBXFileReference; lastKnownFileType = sourcecode.swift; path = ContentView.swift; sourceTree = "<group>"; };
		DDF395F82428BE27003456DA /* Assets.xcassets */ = {isa = PBXFileReference; lastKnownFileType = folder.assetcatalog; path = Assets.xcassets; sourceTree = "<group>"; };
		DDF395FB2428BE27003456DA /* Preview Assets.xcassets */ = {isa = PBXFileReference; lastKnownFileType = folder.assetcatalog; path = "Preview Assets.xcassets"; sourceTree = "<group>"; };
		DDF395FE2428BE27003456DA /* Base */ = {isa = PBXFileReference; lastKnownFileType = file.storyboard; name = Base; path = Base.lproj/LaunchScreen.storyboard; sourceTree = "<group>"; };
		DDF396002428BE27003456DA /* Info.plist */ = {isa = PBXFileReference; lastKnownFileType = text.plist.xml; path = Info.plist; sourceTree = "<group>"; };
		DDF396062428BE4B003456DA /* TaskListView.swift */ = {isa = PBXFileReference; lastKnownFileType = sourcecode.swift; path = TaskListView.swift; sourceTree = "<group>"; };
		DDF3960D2428BEAB003456DA /* Task.swift */ = {isa = PBXFileReference; lastKnownFileType = sourcecode.swift; path = Task.swift; sourceTree = "<group>"; };
		DDFAD42924294BC5009584FC /* TableView.swift */ = {isa = PBXFileReference; lastKnownFileType = sourcecode.swift; path = TableView.swift; sourceTree = "<group>"; };
/* End PBXFileReference section */

/* Begin PBXFrameworksBuildPhase section */
		DDF395EC2428BE25003456DA /* Frameworks */ = {
			isa = PBXFrameworksBuildPhase;
			buildActionMask = 2147483647;
			files = (
			);
			runOnlyForDeploymentPostprocessing = 0;
		};
/* End PBXFrameworksBuildPhase section */

/* Begin PBXGroup section */
		DDF395E62428BE25003456DA = {
			isa = PBXGroup;
			children = (
				DDF395F12428BE25003456DA /* Routine */,
				DDF395F02428BE25003456DA /* Products */,
			);
			sourceTree = "<group>";
		};
		DDF395F02428BE25003456DA /* Products */ = {
			isa = PBXGroup;
			children = (
				DDF395EF2428BE25003456DA /* Routine.app */,
			);
			name = Products;
			sourceTree = "<group>";
		};
		DDF395F12428BE25003456DA /* Routine */ = {
			isa = PBXGroup;
			children = (
				DDF396092428BE61003456DA /* Delegate */,
				DDF396082428BE55003456DA /* Views */,
				DDF3960C2428BE9F003456DA /* Models */,
				DDF3960A2428BE6D003456DA /* Resource */,
				DDF3960B2428BE7A003456DA /* Supporting Files */,
				DDF395FA2428BE27003456DA /* Preview Content */,
			);
			path = Routine;
			sourceTree = "<group>";
		};
		DDF395FA2428BE27003456DA /* Preview Content */ = {
			isa = PBXGroup;
			children = (
				DDF395FB2428BE27003456DA /* Preview Assets.xcassets */,
			);
			path = "Preview Content";
			sourceTree = "<group>";
		};
		DDF396082428BE55003456DA /* Views */ = {
			isa = PBXGroup;
			children = (
				DDF395F62428BE25003456DA /* ContentView.swift */,
				DDF396062428BE4B003456DA /* TaskListView.swift */,
				DD0E14EF2428BFD200AE0C78 /* TaskRowView.swift */,
				DDFAD42924294BC5009584FC /* TableView.swift */,
			);
			path = Views;
			sourceTree = "<group>";
		};
		DDF396092428BE61003456DA /* Delegate */ = {
			isa = PBXGroup;
			children = (
				DDF395F22428BE25003456DA /* AppDelegate.swift */,
				DDF395F42428BE25003456DA /* SceneDelegate.swift */,
			);
			path = Delegate;
			sourceTree = "<group>";
		};
		DDF3960A2428BE6D003456DA /* Resource */ = {
			isa = PBXGroup;
			children = (
				DDF395F82428BE27003456DA /* Assets.xcassets */,
				DDF395FD2428BE27003456DA /* LaunchScreen.storyboard */,
			);
			path = Resource;
			sourceTree = "<group>";
		};
		DDF3960B2428BE7A003456DA /* Supporting Files */ = {
			isa = PBXGroup;
			children = (
				DDF396002428BE27003456DA /* Info.plist */,
			);
			path = "Supporting Files";
			sourceTree = "<group>";
		};
		DDF3960C2428BE9F003456DA /* Models */ = {
			isa = PBXGroup;
			children = (
				DDF3960D2428BEAB003456DA /* Task.swift */,
			);
			path = Models;
			sourceTree = "<group>";
		};
/* End PBXGroup section */

/* Begin PBXNativeTarget section */
		DDF395EE2428BE25003456DA /* Routine */ = {
			isa = PBXNativeTarget;
			buildConfigurationList = DDF396032428BE27003456DA /* Build configuration list for PBXNativeTarget "Routine" */;
			buildPhases = (
				DDF395EB2428BE25003456DA /* Sources */,
				DDF395EC2428BE25003456DA /* Frameworks */,
				DDF395ED2428BE25003456DA /* Resources */,
			);
			buildRules = (
			);
			dependencies = (
			);
			name = Routine;
			productName = Routine;
			productReference = DDF395EF2428BE25003456DA /* Routine.app */;
			productType = "com.apple.product-type.application";
		};
/* End PBXNativeTarget section */

/* Begin PBXProject section */
		DDF395E72428BE25003456DA /* Project object */ = {
			isa = PBXProject;
			attributes = {
				LastSwiftUpdateCheck = 1130;
				LastUpgradeCheck = 1130;
				ORGANIZATIONNAME = Instinctools;
				TargetAttributes = {
					DDF395EE2428BE25003456DA = {
						CreatedOnToolsVersion = 11.3.1;
					};
				};
			};
			buildConfigurationList = DDF395EA2428BE25003456DA /* Build configuration list for PBXProject "Routine" */;
			compatibilityVersion = "Xcode 9.3";
			developmentRegion = en;
			hasScannedForEncodings = 0;
			knownRegions = (
				en,
				Base,
			);
			mainGroup = DDF395E62428BE25003456DA;
			productRefGroup = DDF395F02428BE25003456DA /* Products */;
			projectDirPath = "";
			projectRoot = "";
			targets = (
				DDF395EE2428BE25003456DA /* Routine */,
			);
		};
/* End PBXProject section */

/* Begin PBXResourcesBuildPhase section */
		DDF395ED2428BE25003456DA /* Resources */ = {
			isa = PBXResourcesBuildPhase;
			buildActionMask = 2147483647;
			files = (
				DDF395FF2428BE27003456DA /* LaunchScreen.storyboard in Resources */,
				DDF395FC2428BE27003456DA /* Preview Assets.xcassets in Resources */,
				DDF395F92428BE27003456DA /* Assets.xcassets in Resources */,
			);
			runOnlyForDeploymentPostprocessing = 0;
		};
/* End PBXResourcesBuildPhase section */

/* Begin PBXSourcesBuildPhase section */
		DDF395EB2428BE25003456DA /* Sources */ = {
			isa = PBXSourcesBuildPhase;
			buildActionMask = 2147483647;
			files = (
				DDF395F32428BE25003456DA /* AppDelegate.swift in Sources */,
				DDF395F52428BE25003456DA /* SceneDelegate.swift in Sources */,
				DDF3960E2428BEAB003456DA /* Task.swift in Sources */,
				DDFAD42A24294BC5009584FC /* TableView.swift in Sources */,
				DDF395F72428BE25003456DA /* ContentView.swift in Sources */,
				DD0E14F02428BFD200AE0C78 /* TaskRowView.swift in Sources */,
				DDF396072428BE4B003456DA /* TaskListView.swift in Sources */,
			);
			runOnlyForDeploymentPostprocessing = 0;
		};
/* End PBXSourcesBuildPhase section */

/* Begin PBXVariantGroup section */
		DDF395FD2428BE27003456DA /* LaunchScreen.storyboard */ = {
			isa = PBXVariantGroup;
			children = (
				DDF395FE2428BE27003456DA /* Base */,
			);
			name = LaunchScreen.storyboard;
			sourceTree = "<group>";
		};
/* End PBXVariantGroup section */

/* Begin XCBuildConfiguration section */
		DDF396012428BE27003456DA /* Debug */ = {
			isa = XCBuildConfiguration;
			buildSettings = {
				ALWAYS_SEARCH_USER_PATHS = NO;
				CLANG_ANALYZER_NONNULL = YES;
				CLANG_ANALYZER_NUMBER_OBJECT_CONVERSION = YES_AGGRESSIVE;
				CLANG_CXX_LANGUAGE_STANDARD = "gnu++14";
				CLANG_CXX_LIBRARY = "libc++";
				CLANG_ENABLE_MODULES = YES;
				CLANG_ENABLE_OBJC_ARC = YES;
				CLANG_ENABLE_OBJC_WEAK = YES;
				CLANG_WARN_BLOCK_CAPTURE_AUTORELEASING = YES;
				CLANG_WARN_BOOL_CONVERSION = YES;
				CLANG_WARN_COMMA = YES;
				CLANG_WARN_CONSTANT_CONVERSION = YES;
				CLANG_WARN_DEPRECATED_OBJC_IMPLEMENTATIONS = YES;
				CLANG_WARN_DIRECT_OBJC_ISA_USAGE = YES_ERROR;
				CLANG_WARN_DOCUMENTATION_COMMENTS = YES;
				CLANG_WARN_EMPTY_BODY = YES;
				CLANG_WARN_ENUM_CONVERSION = YES;
				CLANG_WARN_INFINITE_RECURSION = YES;
				CLANG_WARN_INT_CONVERSION = YES;
				CLANG_WARN_NON_LITERAL_NULL_CONVERSION = YES;
				CLANG_WARN_OBJC_IMPLICIT_RETAIN_SELF = YES;
				CLANG_WARN_OBJC_LITERAL_CONVERSION = YES;
				CLANG_WARN_OBJC_ROOT_CLASS = YES_ERROR;
				CLANG_WARN_RANGE_LOOP_ANALYSIS = YES;
				CLANG_WARN_STRICT_PROTOTYPES = YES;
				CLANG_WARN_SUSPICIOUS_MOVE = YES;
				CLANG_WARN_UNGUARDED_AVAILABILITY = YES_AGGRESSIVE;
				CLANG_WARN_UNREACHABLE_CODE = YES;
				CLANG_WARN__DUPLICATE_METHOD_MATCH = YES;
				COPY_PHASE_STRIP = NO;
				DEBUG_INFORMATION_FORMAT = dwarf;
				ENABLE_STRICT_OBJC_MSGSEND = YES;
				ENABLE_TESTABILITY = YES;
				GCC_C_LANGUAGE_STANDARD = gnu11;
				GCC_DYNAMIC_NO_PIC = NO;
				GCC_NO_COMMON_BLOCKS = YES;
				GCC_OPTIMIZATION_LEVEL = 0;
				GCC_PREPROCESSOR_DEFINITIONS = (
					"DEBUG=1",
					"$(inherited)",
				);
				GCC_WARN_64_TO_32_BIT_CONVERSION = YES;
				GCC_WARN_ABOUT_RETURN_TYPE = YES_ERROR;
				GCC_WARN_UNDECLARED_SELECTOR = YES;
				GCC_WARN_UNINITIALIZED_AUTOS = YES_AGGRESSIVE;
				GCC_WARN_UNUSED_FUNCTION = YES;
				GCC_WARN_UNUSED_VARIABLE = YES;
				IPHONEOS_DEPLOYMENT_TARGET = 13.2;
				MTL_ENABLE_DEBUG_INFO = INCLUDE_SOURCE;
				MTL_FAST_MATH = YES;
				ONLY_ACTIVE_ARCH = YES;
				SDKROOT = iphoneos;
				SWIFT_ACTIVE_COMPILATION_CONDITIONS = DEBUG;
				SWIFT_OPTIMIZATION_LEVEL = "-Onone";
			};
			name = Debug;
		};
		DDF396022428BE27003456DA /* Release */ = {
			isa = XCBuildConfiguration;
			buildSettings = {
				ALWAYS_SEARCH_USER_PATHS = NO;
				CLANG_ANALYZER_NONNULL = YES;
				CLANG_ANALYZER_NUMBER_OBJECT_CONVERSION = YES_AGGRESSIVE;
				CLANG_CXX_LANGUAGE_STANDARD = "gnu++14";
				CLANG_CXX_LIBRARY = "libc++";
				CLANG_ENABLE_MODULES = YES;
				CLANG_ENABLE_OBJC_ARC = YES;
				CLANG_ENABLE_OBJC_WEAK = YES;
				CLANG_WARN_BLOCK_CAPTURE_AUTORELEASING = YES;
				CLANG_WARN_BOOL_CONVERSION = YES;
				CLANG_WARN_COMMA = YES;
				CLANG_WARN_CONSTANT_CONVERSION = YES;
				CLANG_WARN_DEPRECATED_OBJC_IMPLEMENTATIONS = YES;
				CLANG_WARN_DIRECT_OBJC_ISA_USAGE = YES_ERROR;
				CLANG_WARN_DOCUMENTATION_COMMENTS = YES;
				CLANG_WARN_EMPTY_BODY = YES;
				CLANG_WARN_ENUM_CONVERSION = YES;
				CLANG_WARN_INFINITE_RECURSION = YES;
				CLANG_WARN_INT_CONVERSION = YES;
				CLANG_WARN_NON_LITERAL_NULL_CONVERSION = YES;
				CLANG_WARN_OBJC_IMPLICIT_RETAIN_SELF = YES;
				CLANG_WARN_OBJC_LITERAL_CONVERSION = YES;
				CLANG_WARN_OBJC_ROOT_CLASS = YES_ERROR;
				CLANG_WARN_RANGE_LOOP_ANALYSIS = YES;
				CLANG_WARN_STRICT_PROTOTYPES = YES;
				CLANG_WARN_SUSPICIOUS_MOVE = YES;
				CLANG_WARN_UNGUARDED_AVAILABILITY = YES_AGGRESSIVE;
				CLANG_WARN_UNREACHABLE_CODE = YES;
				CLANG_WARN__DUPLICATE_METHOD_MATCH = YES;
				COPY_PHASE_STRIP = NO;
				DEBUG_INFORMATION_FORMAT = "dwarf-with-dsym";
				ENABLE_NS_ASSERTIONS = NO;
				ENABLE_STRICT_OBJC_MSGSEND = YES;
				GCC_C_LANGUAGE_STANDARD = gnu11;
				GCC_NO_COMMON_BLOCKS = YES;
				GCC_WARN_64_TO_32_BIT_CONVERSION = YES;
				GCC_WARN_ABOUT_RETURN_TYPE = YES_ERROR;
				GCC_WARN_UNDECLARED_SELECTOR = YES;
				GCC_WARN_UNINITIALIZED_AUTOS = YES_AGGRESSIVE;
				GCC_WARN_UNUSED_FUNCTION = YES;
				GCC_WARN_UNUSED_VARIABLE = YES;
				IPHONEOS_DEPLOYMENT_TARGET = 13.2;
				MTL_ENABLE_DEBUG_INFO = NO;
				MTL_FAST_MATH = YES;
				SDKROOT = iphoneos;
				SWIFT_COMPILATION_MODE = wholemodule;
				SWIFT_OPTIMIZATION_LEVEL = "-O";
				VALIDATE_PRODUCT = YES;
			};
			name = Release;
		};
		DDF396042428BE27003456DA /* Debug */ = {
			isa = XCBuildConfiguration;
			buildSettings = {
				ASSETCATALOG_COMPILER_APPICON_NAME = AppIcon;
				CODE_SIGN_STYLE = Automatic;
				DEVELOPMENT_ASSET_PATHS = "\"Routine/Preview Content\"";
				DEVELOPMENT_TEAM = 27W6695PZZ;
				ENABLE_PREVIEWS = YES;
				INFOPLIST_FILE = "Routine/Supporting Files/Info.plist";
				IPHONEOS_DEPLOYMENT_TARGET = 13.1;
				LD_RUNPATH_SEARCH_PATHS = (
					"$(inherited)",
					"@executable_path/Frameworks",
				);
				PRODUCT_BUNDLE_IDENTIFIER = com.instinctools.Routine;
				PRODUCT_NAME = "$(TARGET_NAME)";
				SWIFT_VERSION = 5.0;
				TARGETED_DEVICE_FAMILY = "1,2";
			};
			name = Debug;
		};
		DDF396052428BE27003456DA /* Release */ = {
			isa = XCBuildConfiguration;
			buildSettings = {
				ASSETCATALOG_COMPILER_APPICON_NAME = AppIcon;
				CODE_SIGN_STYLE = Automatic;
				DEVELOPMENT_ASSET_PATHS = "\"Routine/Preview Content\"";
				DEVELOPMENT_TEAM = 27W6695PZZ;
				ENABLE_PREVIEWS = YES;
				INFOPLIST_FILE = "Routine/Supporting Files/Info.plist";
				IPHONEOS_DEPLOYMENT_TARGET = 13.1;
				LD_RUNPATH_SEARCH_PATHS = (
					"$(inherited)",
					"@executable_path/Frameworks",
				);
				PRODUCT_BUNDLE_IDENTIFIER = com.instinctools.Routine;
				PRODUCT_NAME = "$(TARGET_NAME)";
				SWIFT_VERSION = 5.0;
				TARGETED_DEVICE_FAMILY = "1,2";
			};
			name = Release;
		};
/* End XCBuildConfiguration section */

/* Begin XCConfigurationList section */
		DDF395EA2428BE25003456DA /* Build configuration list for PBXProject "Routine" */ = {
			isa = XCConfigurationList;
			buildConfigurations = (
				DDF396012428BE27003456DA /* Debug */,
				DDF396022428BE27003456DA /* Release */,
			);
			defaultConfigurationIsVisible = 0;
			defaultConfigurationName = Release;
		};
		DDF396032428BE27003456DA /* Build configuration list for PBXNativeTarget "Routine" */ = {
			isa = XCConfigurationList;
			buildConfigurations = (
				DDF396042428BE27003456DA /* Debug */,
				DDF396052428BE27003456DA /* Release */,
			);
			defaultConfigurationIsVisible = 0;
			defaultConfigurationName = Release;
		};
/* End XCConfigurationList section */
	};
	rootObject = DDF395E72428BE25003456DA /* Project object */;
}
